
Microsoft Visual Studio Solution File, Format Version 12.00
# Visual Studio Version 16
VisualStudioVersion = 16.0.30011.22
MinimumVisualStudioVersion = 10.0.40219.1
Project("{FAE04EC0-301F-11D3-BF4B-00C04F79EFBC}") = "DemoEx", "DemoEx\DemoEx.csproj", "{0A01E7FE-19F6-4DD1-955D-F7CAB22953EC}"
EndProject
Global
	GlobalSection(SolutionConfigurationPlatforms) = preSolution
		Debug|Any CPU = Debug|Any CPU
		Release|Any CPU = Release|Any CPU
	EndGlobalSection
	GlobalSection(ProjectConfigurationPlatforms) = postSolution
		{0A01E7FE-19F6-4DD1-955D-F7CAB22953EC}.Debug|Any CPU.ActiveCfg = Debug|Any CPU
		{0A01E7FE-19F6-4DD1-955D-F7CAB22953EC}.Debug|Any CPU.Build.0 = Debug|Any CPU
		{0A01E7FE-19F6-4DD1-955D-F7CAB22953EC}.Release|Any CPU.ActiveCfg = Release|Any CPU
		{0A01E7FE-19F6-4DD1-955D-F7CAB22953EC}.Release|Any CPU.Build.0 = Release|Any CPU
	EndGlobalSection
	GlobalSection(SolutionProperties) = preSolution
		HideSolutionNode = FALSE
	EndGlobalSection
	GlobalSection(ExtensibilityGlobals) = postSolution
		SolutionGuid = {F3C58FC1-9F81-43B1-BB8B-17216282DA4C}
	EndGlobalSection
EndGlobal
